// !$*UTF8*$!
{
	archiveVersion = 1;
	classes = {
	};
	objectVersion = 56;
	objects = {

/* Begin PBXBuildFile section */
		811A22202C94188C0079233A /* ImageView.swift in Sources */ = {isa = PBXBuildFile; fileRef = 811A221F2C94188C0079233A /* ImageView.swift */; };
		811A22232C9420590079233A /* CreditCardView.swift in Sources */ = {isa = PBXBuildFile; fileRef = 811A22222C9420590079233A /* CreditCardView.swift */; };
		811A22252C9420780079233A /* BalanceView.swift in Sources */ = {isa = PBXBuildFile; fileRef = 811A22242C9420780079233A /* BalanceView.swift */; };
		811A22272C9421480079233A /* HeaderView.swift in Sources */ = {isa = PBXBuildFile; fileRef = 811A22262C9421480079233A /* HeaderView.swift */; };
		818A289E2C8F1D81006A9788 /* LoginView.swift in Sources */ = {isa = PBXBuildFile; fileRef = 818A289D2C8F1D81006A9788 /* LoginView.swift */; };
		818A28A02C8F360C006A9788 /* HomeView.swift in Sources */ = {isa = PBXBuildFile; fileRef = 818A289F2C8F360C006A9788 /* HomeView.swift */; };
		818A28A22C8F3690006A9788 /* ErrorView.swift in Sources */ = {isa = PBXBuildFile; fileRef = 818A28A12C8F3690006A9788 /* ErrorView.swift */; };
		818A28A42C8F3DE9006A9788 /* RegistryView.swift in Sources */ = {isa = PBXBuildFile; fileRef = 818A28A32C8F3DE9006A9788 /* RegistryView.swift */; };
		818A28A62C8FA7B7006A9788 /* UserService.swift in Sources */ = {isa = PBXBuildFile; fileRef = 818A28A52C8FA7B7006A9788 /* UserService.swift */; };
		818A28A82C90A4D9006A9788 /* Endpoints.swift in Sources */ = {isa = PBXBuildFile; fileRef = 818A28A72C90A4D9006A9788 /* Endpoints.swift */; };
		818A28AA2C90C411006A9788 /* UserRequestModels.swift in Sources */ = {isa = PBXBuildFile; fileRef = 818A28A92C90C411006A9788 /* UserRequestModels.swift */; };
		818A28B52C923980006A9788 /* TextView.swift in Sources */ = {isa = PBXBuildFile; fileRef = 818A28B42C923980006A9788 /* TextView.swift */; };
		818A28BA2C923AFE006A9788 /* TextLayoutConfig.swift in Sources */ = {isa = PBXBuildFile; fileRef = 818A28B92C923AFE006A9788 /* TextLayoutConfig.swift */; };
		818A28BF2C9295DE006A9788 /* TextFieldView.swift in Sources */ = {isa = PBXBuildFile; fileRef = 818A28BE2C9295DE006A9788 /* TextFieldView.swift */; };
		818A28C32C929622006A9788 /* TextFieldLayout.swift in Sources */ = {isa = PBXBuildFile; fileRef = 818A28C22C929622006A9788 /* TextFieldLayout.swift */; };
		81D3C97E2C93EC1500D20049 /* CustomToolbar.swift in Sources */ = {isa = PBXBuildFile; fileRef = 81D3C97D2C93EC1400D20049 /* CustomToolbar.swift */; };
		81FE07122C8EDD84006D3B78 /* BancoValorApp.swift in Sources */ = {isa = PBXBuildFile; fileRef = 81FE07112C8EDD84006D3B78 /* BancoValorApp.swift */; };
		81FE07142C8EDD84006D3B78 /* ContentView.swift in Sources */ = {isa = PBXBuildFile; fileRef = 81FE07132C8EDD84006D3B78 /* ContentView.swift */; };
		81FE07162C8EDD87006D3B78 /* Assets.xcassets in Resources */ = {isa = PBXBuildFile; fileRef = 81FE07152C8EDD87006D3B78 /* Assets.xcassets */; };
		81FE07192C8EDD87006D3B78 /* Preview Assets.xcassets in Resources */ = {isa = PBXBuildFile; fileRef = 81FE07182C8EDD87006D3B78 /* Preview Assets.xcassets */; };
		81FE07232C8EDD87006D3B78 /* BancoValorTests.swift in Sources */ = {isa = PBXBuildFile; fileRef = 81FE07222C8EDD87006D3B78 /* BancoValorTests.swift */; };
		81FE072D2C8EDD87006D3B78 /* BancoValorUITests.swift in Sources */ = {isa = PBXBuildFile; fileRef = 81FE072C2C8EDD87006D3B78 /* BancoValorUITests.swift */; };
		81FE072F2C8EDD87006D3B78 /* BancoValorUITestsLaunchTests.swift in Sources */ = {isa = PBXBuildFile; fileRef = 81FE072E2C8EDD87006D3B78 /* BancoValorUITestsLaunchTests.swift */; };
/* End PBXBuildFile section */

/* Begin PBXContainerItemProxy section */
		81FE071F2C8EDD87006D3B78 /* PBXContainerItemProxy */ = {
			isa = PBXContainerItemProxy;
			containerPortal = 81FE07062C8EDD84006D3B78 /* Project object */;
			proxyType = 1;
			remoteGlobalIDString = 81FE070D2C8EDD84006D3B78;
			remoteInfo = BancoValor;
		};
		81FE07292C8EDD87006D3B78 /* PBXContainerItemProxy */ = {
			isa = PBXContainerItemProxy;
			containerPortal = 81FE07062C8EDD84006D3B78 /* Project object */;
			proxyType = 1;
			remoteGlobalIDString = 81FE070D2C8EDD84006D3B78;
			remoteInfo = BancoValor;
		};
/* End PBXContainerItemProxy section */

/* Begin PBXFileReference section */
		811A221F2C94188C0079233A /* ImageView.swift */ = {isa = PBXFileReference; lastKnownFileType = sourcecode.swift; path = ImageView.swift; sourceTree = "<group>"; };
		811A22222C9420590079233A /* CreditCardView.swift */ = {isa = PBXFileReference; lastKnownFileType = sourcecode.swift; path = CreditCardView.swift; sourceTree = "<group>"; };
		811A22242C9420780079233A /* BalanceView.swift */ = {isa = PBXFileReference; lastKnownFileType = sourcecode.swift; path = BalanceView.swift; sourceTree = "<group>"; };
		811A22262C9421480079233A /* HeaderView.swift */ = {isa = PBXFileReference; lastKnownFileType = sourcecode.swift; path = HeaderView.swift; sourceTree = "<group>"; };
		818A289D2C8F1D81006A9788 /* LoginView.swift */ = {isa = PBXFileReference; lastKnownFileType = sourcecode.swift; path = LoginView.swift; sourceTree = "<group>"; };
		818A289F2C8F360C006A9788 /* HomeView.swift */ = {isa = PBXFileReference; lastKnownFileType = sourcecode.swift; path = HomeView.swift; sourceTree = "<group>"; };
		818A28A12C8F3690006A9788 /* ErrorView.swift */ = {isa = PBXFileReference; lastKnownFileType = sourcecode.swift; path = ErrorView.swift; sourceTree = "<group>"; };
		818A28A32C8F3DE9006A9788 /* RegistryView.swift */ = {isa = PBXFileReference; lastKnownFileType = sourcecode.swift; path = RegistryView.swift; sourceTree = "<group>"; };
		818A28A52C8FA7B7006A9788 /* UserService.swift */ = {isa = PBXFileReference; lastKnownFileType = sourcecode.swift; path = UserService.swift; sourceTree = "<group>"; };
		818A28A72C90A4D9006A9788 /* Endpoints.swift */ = {isa = PBXFileReference; lastKnownFileType = sourcecode.swift; path = Endpoints.swift; sourceTree = "<group>"; };
		818A28A92C90C411006A9788 /* UserRequestModels.swift */ = {isa = PBXFileReference; lastKnownFileType = sourcecode.swift; path = UserRequestModels.swift; sourceTree = "<group>"; };
		818A28B42C923980006A9788 /* TextView.swift */ = {isa = PBXFileReference; lastKnownFileType = sourcecode.swift; path = TextView.swift; sourceTree = "<group>"; };
		818A28B92C923AFE006A9788 /* TextLayoutConfig.swift */ = {isa = PBXFileReference; lastKnownFileType = sourcecode.swift; path = TextLayoutConfig.swift; sourceTree = "<group>"; };
		818A28BE2C9295DE006A9788 /* TextFieldView.swift */ = {isa = PBXFileReference; lastKnownFileType = sourcecode.swift; path = TextFieldView.swift; sourceTree = "<group>"; };
		818A28C22C929622006A9788 /* TextFieldLayout.swift */ = {isa = PBXFileReference; lastKnownFileType = sourcecode.swift; path = TextFieldLayout.swift; sourceTree = "<group>"; };
		81D3C97D2C93EC1400D20049 /* CustomToolbar.swift */ = {isa = PBXFileReference; lastKnownFileType = sourcecode.swift; path = CustomToolbar.swift; sourceTree = "<group>"; };
		81FE070E2C8EDD84006D3B78 /* BancoValor.app */ = {isa = PBXFileReference; explicitFileType = wrapper.application; includeInIndex = 0; path = BancoValor.app; sourceTree = BUILT_PRODUCTS_DIR; };
		81FE07112C8EDD84006D3B78 /* BancoValorApp.swift */ = {isa = PBXFileReference; lastKnownFileType = sourcecode.swift; path = BancoValorApp.swift; sourceTree = "<group>"; };
		81FE07132C8EDD84006D3B78 /* ContentView.swift */ = {isa = PBXFileReference; lastKnownFileType = sourcecode.swift; path = ContentView.swift; sourceTree = "<group>"; };
		81FE07152C8EDD87006D3B78 /* Assets.xcassets */ = {isa = PBXFileReference; lastKnownFileType = folder.assetcatalog; path = Assets.xcassets; sourceTree = "<group>"; };
		81FE07182C8EDD87006D3B78 /* Preview Assets.xcassets */ = {isa = PBXFileReference; lastKnownFileType = folder.assetcatalog; path = "Preview Assets.xcassets"; sourceTree = "<group>"; };
		81FE071E2C8EDD87006D3B78 /* BancoValorTests.xctest */ = {isa = PBXFileReference; explicitFileType = wrapper.cfbundle; includeInIndex = 0; path = BancoValorTests.xctest; sourceTree = BUILT_PRODUCTS_DIR; };
		81FE07222C8EDD87006D3B78 /* BancoValorTests.swift */ = {isa = PBXFileReference; lastKnownFileType = sourcecode.swift; path = BancoValorTests.swift; sourceTree = "<group>"; };
		81FE07282C8EDD87006D3B78 /* BancoValorUITests.xctest */ = {isa = PBXFileReference; explicitFileType = wrapper.cfbundle; includeInIndex = 0; path = BancoValorUITests.xctest; sourceTree = BUILT_PRODUCTS_DIR; };
		81FE072C2C8EDD87006D3B78 /* BancoValorUITests.swift */ = {isa = PBXFileReference; lastKnownFileType = sourcecode.swift; path = BancoValorUITests.swift; sourceTree = "<group>"; };
		81FE072E2C8EDD87006D3B78 /* BancoValorUITestsLaunchTests.swift */ = {isa = PBXFileReference; lastKnownFileType = sourcecode.swift; path = BancoValorUITestsLaunchTests.swift; sourceTree = "<group>"; };
/* End PBXFileReference section */

/* Begin PBXFrameworksBuildPhase section */
		81FE070B2C8EDD84006D3B78 /* Frameworks */ = {
			isa = PBXFrameworksBuildPhase;
			buildActionMask = 2147483647;
			files = (
			);
			runOnlyForDeploymentPostprocessing = 0;
		};
		81FE071B2C8EDD87006D3B78 /* Frameworks */ = {
			isa = PBXFrameworksBuildPhase;
			buildActionMask = 2147483647;
			files = (
			);
			runOnlyForDeploymentPostprocessing = 0;
		};
		81FE07252C8EDD87006D3B78 /* Frameworks */ = {
			isa = PBXFrameworksBuildPhase;
			buildActionMask = 2147483647;
			files = (
			);
			runOnlyForDeploymentPostprocessing = 0;
		};
/* End PBXFrameworksBuildPhase section */

/* Begin PBXGroup section */
		811A22212C9418950079233A /* ImageView */ = {
			isa = PBXGroup;
			children = (
				811A221F2C94188C0079233A /* ImageView.swift */,
			);
			path = ImageView;
			sourceTree = "<group>";
		};
		818A28AB2C92386C006A9788 /* Source */ = {
			isa = PBXGroup;
			children = (
				81FE07112C8EDD84006D3B78 /* BancoValorApp.swift */,
				81FE07132C8EDD84006D3B78 /* ContentView.swift */,
				81D3C97A2C92E46B00D20049 /* Network */,
				818A28B22C923943006A9788 /* DynamicComponents */,
				818A28C42C929672006A9788 /* Models */,
				818A28AD2C9238EC006A9788 /* Features */,
			);
			path = Source;
			sourceTree = "<group>";
		};
		818A28AC2C9238C2006A9788 /* Resources */ = {
			isa = PBXGroup;
			children = (
				81FE07152C8EDD87006D3B78 /* Assets.xcassets */,
			);
			path = Resources;
			sourceTree = "<group>";
		};
		818A28AD2C9238EC006A9788 /* Features */ = {
			isa = PBXGroup;
			children = (
				818A28B02C923913006A9788 /* Home */,
				818A28AF2C923909006A9788 /* Registry */,
				818A28AE2C9238FF006A9788 /* Login */,
			);
			path = Features;
			sourceTree = "<group>";
		};
		818A28AE2C9238FF006A9788 /* Login */ = {
			isa = PBXGroup;
			children = (
				818A28B12C923923006A9788 /* View */,
			);
			path = Login;
			sourceTree = "<group>";
		};
		818A28AF2C923909006A9788 /* Registry */ = {
			isa = PBXGroup;
			children = (
				818A28BB2C929551006A9788 /* View */,
			);
			path = Registry;
			sourceTree = "<group>";
		};
		818A28B02C923913006A9788 /* Home */ = {
			isa = PBXGroup;
			children = (
				818A28BC2C92957F006A9788 /* View */,
			);
			path = Home;
			sourceTree = "<group>";
		};
		818A28B12C923923006A9788 /* View */ = {
			isa = PBXGroup;
			children = (
				818A289D2C8F1D81006A9788 /* LoginView.swift */,
			);
			path = View;
			sourceTree = "<group>";
		};
		818A28B22C923943006A9788 /* DynamicComponents */ = {
			isa = PBXGroup;
			children = (
				811A22212C9418950079233A /* ImageView */,
				81D3C97C2C93EBCB00D20049 /* Toolbar */,
				81D3C97B2C92E49800D20049 /* ErrorView */,
				818A28BD2C9295A5006A9788 /* TextField */,
				818A28B32C923959006A9788 /* Text */,
			);
			path = DynamicComponents;
			sourceTree = "<group>";
		};
		818A28B32C923959006A9788 /* Text */ = {
			isa = PBXGroup;
			children = (
				818A28B42C923980006A9788 /* TextView.swift */,
				818A28B92C923AFE006A9788 /* TextLayoutConfig.swift */,
			);
			path = Text;
			sourceTree = "<group>";
		};
		818A28BB2C929551006A9788 /* View */ = {
			isa = PBXGroup;
			children = (
				818A28A32C8F3DE9006A9788 /* RegistryView.swift */,
			);
			path = View;
			sourceTree = "<group>";
		};
		818A28BC2C92957F006A9788 /* View */ = {
			isa = PBXGroup;
			children = (
				818A289F2C8F360C006A9788 /* HomeView.swift */,
				811A22222C9420590079233A /* CreditCardView.swift */,
				811A22242C9420780079233A /* BalanceView.swift */,
				811A22262C9421480079233A /* HeaderView.swift */,
			);
			path = View;
			sourceTree = "<group>";
		};
		818A28BD2C9295A5006A9788 /* TextField */ = {
			isa = PBXGroup;
			children = (
				818A28BE2C9295DE006A9788 /* TextFieldView.swift */,
				818A28C22C929622006A9788 /* TextFieldLayout.swift */,
			);
			path = TextField;
			sourceTree = "<group>";
		};
		818A28C42C929672006A9788 /* Models */ = {
			isa = PBXGroup;
			children = (
				818A28A92C90C411006A9788 /* UserRequestModels.swift */,
				818A28A72C90A4D9006A9788 /* Endpoints.swift */,
			);
			path = Models;
			sourceTree = "<group>";
		};
		81D3C97A2C92E46B00D20049 /* Network */ = {
			isa = PBXGroup;
			children = (
				818A28A52C8FA7B7006A9788 /* UserService.swift */,
			);
			path = Network;
			sourceTree = "<group>";
		};
		81D3C97B2C92E49800D20049 /* ErrorView */ = {
			isa = PBXGroup;
			children = (
				818A28A12C8F3690006A9788 /* ErrorView.swift */,
			);
			path = ErrorView;
			sourceTree = "<group>";
		};
		81D3C97C2C93EBCB00D20049 /* Toolbar */ = {
			isa = PBXGroup;
			children = (
				81D3C97D2C93EC1400D20049 /* CustomToolbar.swift */,
			);
			path = Toolbar;
			sourceTree = "<group>";
		};
		81FE07052C8EDD84006D3B78 = {
			isa = PBXGroup;
			children = (
				81FE07102C8EDD84006D3B78 /* BancoValor */,
				81FE07212C8EDD87006D3B78 /* BancoValorTests */,
				81FE072B2C8EDD87006D3B78 /* BancoValorUITests */,
				81FE070F2C8EDD84006D3B78 /* Products */,
			);
			sourceTree = "<group>";
		};
		81FE070F2C8EDD84006D3B78 /* Products */ = {
			isa = PBXGroup;
			children = (
				81FE070E2C8EDD84006D3B78 /* BancoValor.app */,
				81FE071E2C8EDD87006D3B78 /* BancoValorTests.xctest */,
				81FE07282C8EDD87006D3B78 /* BancoValorUITests.xctest */,
			);
			name = Products;
			sourceTree = "<group>";
		};
		81FE07102C8EDD84006D3B78 /* BancoValor */ = {
			isa = PBXGroup;
			children = (
				818A28AC2C9238C2006A9788 /* Resources */,
				818A28AB2C92386C006A9788 /* Source */,
				81FE07172C8EDD87006D3B78 /* Preview Content */,
			);
			path = BancoValor;
			sourceTree = "<group>";
		};
		81FE07172C8EDD87006D3B78 /* Preview Content */ = {
			isa = PBXGroup;
			children = (
				81FE07182C8EDD87006D3B78 /* Preview Assets.xcassets */,
			);
			path = "Preview Content";
			sourceTree = "<group>";
		};
		81FE07212C8EDD87006D3B78 /* BancoValorTests */ = {
			isa = PBXGroup;
			children = (
				81FE07222C8EDD87006D3B78 /* BancoValorTests.swift */,
			);
			path = BancoValorTests;
			sourceTree = "<group>";
		};
		81FE072B2C8EDD87006D3B78 /* BancoValorUITests */ = {
			isa = PBXGroup;
			children = (
				81FE072C2C8EDD87006D3B78 /* BancoValorUITests.swift */,
				81FE072E2C8EDD87006D3B78 /* BancoValorUITestsLaunchTests.swift */,
			);
			path = BancoValorUITests;
			sourceTree = "<group>";
		};
/* End PBXGroup section */

/* Begin PBXNativeTarget section */
		81FE070D2C8EDD84006D3B78 /* BancoValor */ = {
			isa = PBXNativeTarget;
			buildConfigurationList = 81FE07322C8EDD87006D3B78 /* Build configuration list for PBXNativeTarget "BancoValor" */;
			buildPhases = (
				81FE070A2C8EDD84006D3B78 /* Sources */,
				81FE070B2C8EDD84006D3B78 /* Frameworks */,
				81FE070C2C8EDD84006D3B78 /* Resources */,
			);
			buildRules = (
			);
			dependencies = (
			);
			name = BancoValor;
			productName = BancoValor;
			productReference = 81FE070E2C8EDD84006D3B78 /* BancoValor.app */;
			productType = "com.apple.product-type.application";
		};
		81FE071D2C8EDD87006D3B78 /* BancoValorTests */ = {
			isa = PBXNativeTarget;
			buildConfigurationList = 81FE07352C8EDD87006D3B78 /* Build configuration list for PBXNativeTarget "BancoValorTests" */;
			buildPhases = (
				81FE071A2C8EDD87006D3B78 /* Sources */,
				81FE071B2C8EDD87006D3B78 /* Frameworks */,
				81FE071C2C8EDD87006D3B78 /* Resources */,
			);
			buildRules = (
			);
			dependencies = (
				81FE07202C8EDD87006D3B78 /* PBXTargetDependency */,
			);
			name = BancoValorTests;
			productName = BancoValorTests;
			productReference = 81FE071E2C8EDD87006D3B78 /* BancoValorTests.xctest */;
			productType = "com.apple.product-type.bundle.unit-test";
		};
		81FE07272C8EDD87006D3B78 /* BancoValorUITests */ = {
			isa = PBXNativeTarget;
			buildConfigurationList = 81FE07382C8EDD87006D3B78 /* Build configuration list for PBXNativeTarget "BancoValorUITests" */;
			buildPhases = (
				81FE07242C8EDD87006D3B78 /* Sources */,
				81FE07252C8EDD87006D3B78 /* Frameworks */,
				81FE07262C8EDD87006D3B78 /* Resources */,
			);
			buildRules = (
			);
			dependencies = (
				81FE072A2C8EDD87006D3B78 /* PBXTargetDependency */,
			);
			name = BancoValorUITests;
			productName = BancoValorUITests;
			productReference = 81FE07282C8EDD87006D3B78 /* BancoValorUITests.xctest */;
			productType = "com.apple.product-type.bundle.ui-testing";
		};
/* End PBXNativeTarget section */

/* Begin PBXProject section */
		81FE07062C8EDD84006D3B78 /* Project object */ = {
			isa = PBXProject;
			attributes = {
				BuildIndependentTargetsInParallel = 1;
				LastSwiftUpdateCheck = 1540;
				LastUpgradeCheck = 1540;
				TargetAttributes = {
					81FE070D2C8EDD84006D3B78 = {
						CreatedOnToolsVersion = 15.4;
					};
					81FE071D2C8EDD87006D3B78 = {
						CreatedOnToolsVersion = 15.4;
						TestTargetID = 81FE070D2C8EDD84006D3B78;
					};
					81FE07272C8EDD87006D3B78 = {
						CreatedOnToolsVersion = 15.4;
						TestTargetID = 81FE070D2C8EDD84006D3B78;
					};
				};
			};
			buildConfigurationList = 81FE07092C8EDD84006D3B78 /* Build configuration list for PBXProject "BancoValor" */;
			compatibilityVersion = "Xcode 14.0";
			developmentRegion = en;
			hasScannedForEncodings = 0;
			knownRegions = (
				en,
				Base,
			);
			mainGroup = 81FE07052C8EDD84006D3B78;
			productRefGroup = 81FE070F2C8EDD84006D3B78 /* Products */;
			projectDirPath = "";
			projectRoot = "";
			targets = (
				81FE070D2C8EDD84006D3B78 /* BancoValor */,
				81FE071D2C8EDD87006D3B78 /* BancoValorTests */,
				81FE07272C8EDD87006D3B78 /* BancoValorUITests */,
			);
		};
/* End PBXProject section */

/* Begin PBXResourcesBuildPhase section */
		81FE070C2C8EDD84006D3B78 /* Resources */ = {
			isa = PBXResourcesBuildPhase;
			buildActionMask = 2147483647;
			files = (
				81FE07192C8EDD87006D3B78 /* Preview Assets.xcassets in Resources */,
				81FE07162C8EDD87006D3B78 /* Assets.xcassets in Resources */,
			);
			runOnlyForDeploymentPostprocessing = 0;
		};
		81FE071C2C8EDD87006D3B78 /* Resources */ = {
			isa = PBXResourcesBuildPhase;
			buildActionMask = 2147483647;
			files = (
			);
			runOnlyForDeploymentPostprocessing = 0;
		};
		81FE07262C8EDD87006D3B78 /* Resources */ = {
			isa = PBXResourcesBuildPhase;
			buildActionMask = 2147483647;
			files = (
			);
			runOnlyForDeploymentPostprocessing = 0;
		};
/* End PBXResourcesBuildPhase section */

/* Begin PBXSourcesBuildPhase section */
		81FE070A2C8EDD84006D3B78 /* Sources */ = {
			isa = PBXSourcesBuildPhase;
			buildActionMask = 2147483647;
			files = (
				811A22202C94188C0079233A /* ImageView.swift in Sources */,
				811A22272C9421480079233A /* HeaderView.swift in Sources */,
				818A28A62C8FA7B7006A9788 /* UserService.swift in Sources */,
				811A22232C9420590079233A /* CreditCardView.swift in Sources */,
				818A28A22C8F3690006A9788 /* ErrorView.swift in Sources */,
				818A289E2C8F1D81006A9788 /* LoginView.swift in Sources */,
				818A28BF2C9295DE006A9788 /* TextFieldView.swift in Sources */,
				818A28A02C8F360C006A9788 /* HomeView.swift in Sources */,
				811A22252C9420780079233A /* BalanceView.swift in Sources */,
				818A28BA2C923AFE006A9788 /* TextLayoutConfig.swift in Sources */,
				81D3C97E2C93EC1500D20049 /* CustomToolbar.swift in Sources */,
				818A28AA2C90C411006A9788 /* UserRequestModels.swift in Sources */,
				818A28A42C8F3DE9006A9788 /* RegistryView.swift in Sources */,
				818A28C32C929622006A9788 /* TextFieldLayout.swift in Sources */,
				81FE07142C8EDD84006D3B78 /* ContentView.swift in Sources */,
				818A28A82C90A4D9006A9788 /* Endpoints.swift in Sources */,
				81FE07122C8EDD84006D3B78 /* BancoValorApp.swift in Sources */,
				818A28B52C923980006A9788 /* TextView.swift in Sources */,
			);
			runOnlyForDeploymentPostprocessing = 0;
		};
		81FE071A2C8EDD87006D3B78 /* Sources */ = {
			isa = PBXSourcesBuildPhase;
			buildActionMask = 2147483647;
			files = (
				81FE07232C8EDD87006D3B78 /* BancoValorTests.swift in Sources */,
			);
			runOnlyForDeploymentPostprocessing = 0;
		};
		81FE07242C8EDD87006D3B78 /* Sources */ = {
			isa = PBXSourcesBuildPhase;
			buildActionMask = 2147483647;
			files = (
				81FE072D2C8EDD87006D3B78 /* BancoValorUITests.swift in Sources */,
				81FE072F2C8EDD87006D3B78 /* BancoValorUITestsLaunchTests.swift in Sources */,
			);
			runOnlyForDeploymentPostprocessing = 0;
		};
/* End PBXSourcesBuildPhase section */

/* Begin PBXTargetDependency section */
		81FE07202C8EDD87006D3B78 /* PBXTargetDependency */ = {
			isa = PBXTargetDependency;
			target = 81FE070D2C8EDD84006D3B78 /* BancoValor */;
			targetProxy = 81FE071F2C8EDD87006D3B78 /* PBXContainerItemProxy */;
		};
		81FE072A2C8EDD87006D3B78 /* PBXTargetDependency */ = {
			isa = PBXTargetDependency;
			target = 81FE070D2C8EDD84006D3B78 /* BancoValor */;
			targetProxy = 81FE07292C8EDD87006D3B78 /* PBXContainerItemProxy */;
		};
/* End PBXTargetDependency section */

/* Begin XCBuildConfiguration section */
		81FE07302C8EDD87006D3B78 /* Debug */ = {
			isa = XCBuildConfiguration;
			buildSettings = {
				ALWAYS_SEARCH_USER_PATHS = NO;
				ASSETCATALOG_COMPILER_GENERATE_SWIFT_ASSET_SYMBOL_EXTENSIONS = YES;
				CLANG_ANALYZER_NONNULL = YES;
				CLANG_ANALYZER_NUMBER_OBJECT_CONVERSION = YES_AGGRESSIVE;
				CLANG_CXX_LANGUAGE_STANDARD = "gnu++20";
				CLANG_ENABLE_MODULES = YES;
				CLANG_ENABLE_OBJC_ARC = YES;
				CLANG_ENABLE_OBJC_WEAK = YES;
				CLANG_WARN_BLOCK_CAPTURE_AUTORELEASING = YES;
				CLANG_WARN_BOOL_CONVERSION = YES;
				CLANG_WARN_COMMA = YES;
				CLANG_WARN_CONSTANT_CONVERSION = YES;
				CLANG_WARN_DEPRECATED_OBJC_IMPLEMENTATIONS = YES;
				CLANG_WARN_DIRECT_OBJC_ISA_USAGE = YES_ERROR;
				CLANG_WARN_DOCUMENTATION_COMMENTS = YES;
				CLANG_WARN_EMPTY_BODY = YES;
				CLANG_WARN_ENUM_CONVERSION = YES;
				CLANG_WARN_INFINITE_RECURSION = YES;
				CLANG_WARN_INT_CONVERSION = YES;
				CLANG_WARN_NON_LITERAL_NULL_CONVERSION = YES;
				CLANG_WARN_OBJC_IMPLICIT_RETAIN_SELF = YES;
				CLANG_WARN_OBJC_LITERAL_CONVERSION = YES;
				CLANG_WARN_OBJC_ROOT_CLASS = YES_ERROR;
				CLANG_WARN_QUOTED_INCLUDE_IN_FRAMEWORK_HEADER = YES;
				CLANG_WARN_RANGE_LOOP_ANALYSIS = YES;
				CLANG_WARN_STRICT_PROTOTYPES = YES;
				CLANG_WARN_SUSPICIOUS_MOVE = YES;
				CLANG_WARN_UNGUARDED_AVAILABILITY = YES_AGGRESSIVE;
				CLANG_WARN_UNREACHABLE_CODE = YES;
				CLANG_WARN__DUPLICATE_METHOD_MATCH = YES;
				COPY_PHASE_STRIP = NO;
				DEBUG_INFORMATION_FORMAT = dwarf;
				ENABLE_STRICT_OBJC_MSGSEND = YES;
				ENABLE_TESTABILITY = YES;
				ENABLE_USER_SCRIPT_SANDBOXING = YES;
				GCC_C_LANGUAGE_STANDARD = gnu17;
				GCC_DYNAMIC_NO_PIC = NO;
				GCC_NO_COMMON_BLOCKS = YES;
				GCC_OPTIMIZATION_LEVEL = 0;
				GCC_PREPROCESSOR_DEFINITIONS = (
					"DEBUG=1",
					"$(inherited)",
				);
				GCC_WARN_64_TO_32_BIT_CONVERSION = YES;
				GCC_WARN_ABOUT_RETURN_TYPE = YES_ERROR;
				GCC_WARN_UNDECLARED_SELECTOR = YES;
				GCC_WARN_UNINITIALIZED_AUTOS = YES_AGGRESSIVE;
				GCC_WARN_UNUSED_FUNCTION = YES;
				GCC_WARN_UNUSED_VARIABLE = YES;
				IPHONEOS_DEPLOYMENT_TARGET = 17.5;
				LOCALIZATION_PREFERS_STRING_CATALOGS = YES;
				MTL_ENABLE_DEBUG_INFO = INCLUDE_SOURCE;
				MTL_FAST_MATH = YES;
				ONLY_ACTIVE_ARCH = YES;
				SDKROOT = iphoneos;
				SWIFT_ACTIVE_COMPILATION_CONDITIONS = "DEBUG $(inherited)";
				SWIFT_OPTIMIZATION_LEVEL = "-Onone";
			};
			name = Debug;
		};
		81FE07312C8EDD87006D3B78 /* Release */ = {
			isa = XCBuildConfiguration;
			buildSettings = {
				ALWAYS_SEARCH_USER_PATHS = NO;
				ASSETCATALOG_COMPILER_GENERATE_SWIFT_ASSET_SYMBOL_EXTENSIONS = YES;
				CLANG_ANALYZER_NONNULL = YES;
				CLANG_ANALYZER_NUMBER_OBJECT_CONVERSION = YES_AGGRESSIVE;
				CLANG_CXX_LANGUAGE_STANDARD = "gnu++20";
				CLANG_ENABLE_MODULES = YES;
				CLANG_ENABLE_OBJC_ARC = YES;
				CLANG_ENABLE_OBJC_WEAK = YES;
				CLANG_WARN_BLOCK_CAPTURE_AUTORELEASING = YES;
				CLANG_WARN_BOOL_CONVERSION = YES;
				CLANG_WARN_COMMA = YES;
				CLANG_WARN_CONSTANT_CONVERSION = YES;
				CLANG_WARN_DEPRECATED_OBJC_IMPLEMENTATIONS = YES;
				CLANG_WARN_DIRECT_OBJC_ISA_USAGE = YES_ERROR;
				CLANG_WARN_DOCUMENTATION_COMMENTS = YES;
				CLANG_WARN_EMPTY_BODY = YES;
				CLANG_WARN_ENUM_CONVERSION = YES;
				CLANG_WARN_INFINITE_RECURSION = YES;
				CLANG_WARN_INT_CONVERSION = YES;
				CLANG_WARN_NON_LITERAL_NULL_CONVERSION = YES;
				CLANG_WARN_OBJC_IMPLICIT_RETAIN_SELF = YES;
				CLANG_WARN_OBJC_LITERAL_CONVERSION = YES;
				CLANG_WARN_OBJC_ROOT_CLASS = YES_ERROR;
				CLANG_WARN_QUOTED_INCLUDE_IN_FRAMEWORK_HEADER = YES;
				CLANG_WARN_RANGE_LOOP_ANALYSIS = YES;
				CLANG_WARN_STRICT_PROTOTYPES = YES;
				CLANG_WARN_SUSPICIOUS_MOVE = YES;
				CLANG_WARN_UNGUARDED_AVAILABILITY = YES_AGGRESSIVE;
				CLANG_WARN_UNREACHABLE_CODE = YES;
				CLANG_WARN__DUPLICATE_METHOD_MATCH = YES;
				COPY_PHASE_STRIP = NO;
				DEBUG_INFORMATION_FORMAT = "dwarf-with-dsym";
				ENABLE_NS_ASSERTIONS = NO;
				ENABLE_STRICT_OBJC_MSGSEND = YES;
				ENABLE_USER_SCRIPT_SANDBOXING = YES;
				GCC_C_LANGUAGE_STANDARD = gnu17;
				GCC_NO_COMMON_BLOCKS = YES;
				GCC_WARN_64_TO_32_BIT_CONVERSION = YES;
				GCC_WARN_ABOUT_RETURN_TYPE = YES_ERROR;
				GCC_WARN_UNDECLARED_SELECTOR = YES;
				GCC_WARN_UNINITIALIZED_AUTOS = YES_AGGRESSIVE;
				GCC_WARN_UNUSED_FUNCTION = YES;
				GCC_WARN_UNUSED_VARIABLE = YES;
				IPHONEOS_DEPLOYMENT_TARGET = 17.5;
				LOCALIZATION_PREFERS_STRING_CATALOGS = YES;
				MTL_ENABLE_DEBUG_INFO = NO;
				MTL_FAST_MATH = YES;
				SDKROOT = iphoneos;
				SWIFT_COMPILATION_MODE = wholemodule;
				VALIDATE_PRODUCT = YES;
			};
			name = Release;
		};
		81FE07332C8EDD87006D3B78 /* Debug */ = {
			isa = XCBuildConfiguration;
			buildSettings = {
				ASSETCATALOG_COMPILER_APPICON_NAME = AppIcon;
				ASSETCATALOG_COMPILER_GLOBAL_ACCENT_COLOR_NAME = AccentColor;
				CODE_SIGN_STYLE = Automatic;
				CURRENT_PROJECT_VERSION = 1;
				DEVELOPMENT_ASSET_PATHS = "\"BancoValor/Preview Content\"";
				DEVELOPMENT_TEAM = 6HSS5Y6YKV;
				ENABLE_PREVIEWS = YES;
				GENERATE_INFOPLIST_FILE = YES;
				INFOPLIST_KEY_UIApplicationSceneManifest_Generation = YES;
				INFOPLIST_KEY_UIApplicationSupportsIndirectInputEvents = YES;
				INFOPLIST_KEY_UILaunchScreen_Generation = YES;
				INFOPLIST_KEY_UISupportedInterfaceOrientations_iPad = "UIInterfaceOrientationPortrait UIInterfaceOrientationPortraitUpsideDown UIInterfaceOrientationLandscapeLeft UIInterfaceOrientationLandscapeRight";
				INFOPLIST_KEY_UISupportedInterfaceOrientations_iPhone = "UIInterfaceOrientationPortrait UIInterfaceOrientationLandscapeLeft UIInterfaceOrientationLandscapeRight";
				LD_RUNPATH_SEARCH_PATHS = (
					"$(inherited)",
					"@executable_path/Frameworks",
				);
				MARKETING_VERSION = 1.0;
				PRODUCT_BUNDLE_IDENTIFIER = com.example.BancoValor;
				PRODUCT_NAME = "$(TARGET_NAME)";
				SWIFT_EMIT_LOC_STRINGS = YES;
				SWIFT_VERSION = 5.0;
				TARGETED_DEVICE_FAMILY = "1,2";
			};
			name = Debug;
		};
		81FE07342C8EDD87006D3B78 /* Release */ = {
			isa = XCBuildConfiguration;
			buildSettings = {
				ASSETCATALOG_COMPILER_APPICON_NAME = AppIcon;
				ASSETCATALOG_COMPILER_GLOBAL_ACCENT_COLOR_NAME = AccentColor;
				CODE_SIGN_STYLE = Automatic;
				CURRENT_PROJECT_VERSION = 1;
				DEVELOPMENT_ASSET_PATHS = "\"BancoValor/Preview Content\"";
				DEVELOPMENT_TEAM = 6HSS5Y6YKV;
				ENABLE_PREVIEWS = YES;
				GENERATE_INFOPLIST_FILE = YES;
				INFOPLIST_KEY_UIApplicationSceneManifest_Generation = YES;
				INFOPLIST_KEY_UIApplicationSupportsIndirectInputEvents = YES;
				INFOPLIST_KEY_UILaunchScreen_Generation = YES;
				INFOPLIST_KEY_UISupportedInterfaceOrientations_iPad = "UIInterfaceOrientationPortrait UIInterfaceOrientationPortraitUpsideDown UIInterfaceOrientationLandscapeLeft UIInterfaceOrientationLandscapeRight";
				INFOPLIST_KEY_UISupportedInterfaceOrientations_iPhone = "UIInterfaceOrientationPortrait UIInterfaceOrientationLandscapeLeft UIInterfaceOrientationLandscapeRight";
				LD_RUNPATH_SEARCH_PATHS = (
					"$(inherited)",
					"@executable_path/Frameworks",
				);
				MARKETING_VERSION = 1.0;
				PRODUCT_BUNDLE_IDENTIFIER = com.example.BancoValor;
				PRODUCT_NAME = "$(TARGET_NAME)";
				SWIFT_EMIT_LOC_STRINGS = YES;
				SWIFT_VERSION = 5.0;
				TARGETED_DEVICE_FAMILY = "1,2";
			};
			name = Release;
		};
		81FE07362C8EDD87006D3B78 /* Debug */ = {
			isa = XCBuildConfiguration;
			buildSettings = {
				ALWAYS_EMBED_SWIFT_STANDARD_LIBRARIES = YES;
				BUNDLE_LOADER = "$(TEST_HOST)";
				CODE_SIGN_STYLE = Automatic;
				CURRENT_PROJECT_VERSION = 1;
				DEVELOPMENT_TEAM = 6HSS5Y6YKV;
				GENERATE_INFOPLIST_FILE = YES;
				IPHONEOS_DEPLOYMENT_TARGET = 17.5;
				MARKETING_VERSION = 1.0;
				PRODUCT_BUNDLE_IDENTIFIER = com.example.BancoValorTests;
				PRODUCT_NAME = "$(TARGET_NAME)";
				SWIFT_EMIT_LOC_STRINGS = NO;
				SWIFT_VERSION = 5.0;
				TARGETED_DEVICE_FAMILY = "1,2";
				TEST_HOST = "$(BUILT_PRODUCTS_DIR)/BancoValor.app/$(BUNDLE_EXECUTABLE_FOLDER_PATH)/BancoValor";
			};
			name = Debug;
		};
		81FE07372C8EDD87006D3B78 /* Release */ = {
			isa = XCBuildConfiguration;
			buildSettings = {
				ALWAYS_EMBED_SWIFT_STANDARD_LIBRARIES = YES;
				BUNDLE_LOADER = "$(TEST_HOST)";
				CODE_SIGN_STYLE = Automatic;
				CURRENT_PROJECT_VERSION = 1;
				DEVELOPMENT_TEAM = 6HSS5Y6YKV;
				GENERATE_INFOPLIST_FILE = YES;
				IPHONEOS_DEPLOYMENT_TARGET = 17.5;
				MARKETING_VERSION = 1.0;
				PRODUCT_BUNDLE_IDENTIFIER = com.example.BancoValorTests;
				PRODUCT_NAME = "$(TARGET_NAME)";
				SWIFT_EMIT_LOC_STRINGS = NO;
				SWIFT_VERSION = 5.0;
				TARGETED_DEVICE_FAMILY = "1,2";
				TEST_HOST = "$(BUILT_PRODUCTS_DIR)/BancoValor.app/$(BUNDLE_EXECUTABLE_FOLDER_PATH)/BancoValor";
			};
			name = Release;
		};
		81FE07392C8EDD87006D3B78 /* Debug */ = {
			isa = XCBuildConfiguration;
			buildSettings = {
				ALWAYS_EMBED_SWIFT_STANDARD_LIBRARIES = YES;
				CODE_SIGN_STYLE = Automatic;
				CURRENT_PROJECT_VERSION = 1;
				DEVELOPMENT_TEAM = 6HSS5Y6YKV;
				GENERATE_INFOPLIST_FILE = YES;
				MARKETING_VERSION = 1.0;
				PRODUCT_BUNDLE_IDENTIFIER = com.example.BancoValorUITests;
				PRODUCT_NAME = "$(TARGET_NAME)";
				SWIFT_EMIT_LOC_STRINGS = NO;
				SWIFT_VERSION = 5.0;
				TARGETED_DEVICE_FAMILY = "1,2";
				TEST_TARGET_NAME = BancoValor;
			};
			name = Debug;
		};
		81FE073A2C8EDD87006D3B78 /* Release */ = {
			isa = XCBuildConfiguration;
			buildSettings = {
				ALWAYS_EMBED_SWIFT_STANDARD_LIBRARIES = YES;
				CODE_SIGN_STYLE = Automatic;
				CURRENT_PROJECT_VERSION = 1;
				DEVELOPMENT_TEAM = 6HSS5Y6YKV;
				GENERATE_INFOPLIST_FILE = YES;
				MARKETING_VERSION = 1.0;
				PRODUCT_BUNDLE_IDENTIFIER = com.example.BancoValorUITests;
				PRODUCT_NAME = "$(TARGET_NAME)";
				SWIFT_EMIT_LOC_STRINGS = NO;
				SWIFT_VERSION = 5.0;
				TARGETED_DEVICE_FAMILY = "1,2";
				TEST_TARGET_NAME = BancoValor;
			};
			name = Release;
		};
/* End XCBuildConfiguration section */

/* Begin XCConfigurationList section */
		81FE07092C8EDD84006D3B78 /* Build configuration list for PBXProject "BancoValor" */ = {
			isa = XCConfigurationList;
			buildConfigurations = (
				81FE07302C8EDD87006D3B78 /* Debug */,
				81FE07312C8EDD87006D3B78 /* Release */,
			);
			defaultConfigurationIsVisible = 0;
			defaultConfigurationName = Release;
		};
		81FE07322C8EDD87006D3B78 /* Build configuration list for PBXNativeTarget "BancoValor" */ = {
			isa = XCConfigurationList;
			buildConfigurations = (
				81FE07332C8EDD87006D3B78 /* Debug */,
				81FE07342C8EDD87006D3B78 /* Release */,
			);
			defaultConfigurationIsVisible = 0;
			defaultConfigurationName = Release;
		};
		81FE07352C8EDD87006D3B78 /* Build configuration list for PBXNativeTarget "BancoValorTests" */ = {
			isa = XCConfigurationList;
			buildConfigurations = (
				81FE07362C8EDD87006D3B78 /* Debug */,
				81FE07372C8EDD87006D3B78 /* Release */,
			);
			defaultConfigurationIsVisible = 0;
			defaultConfigurationName = Release;
		};
		81FE07382C8EDD87006D3B78 /* Build configuration list for PBXNativeTarget "BancoValorUITests" */ = {
			isa = XCConfigurationList;
			buildConfigurations = (
				81FE07392C8EDD87006D3B78 /* Debug */,
				81FE073A2C8EDD87006D3B78 /* Release */,
			);
			defaultConfigurationIsVisible = 0;
			defaultConfigurationName = Release;
		};
/* End XCConfigurationList section */
	};
	rootObject = 81FE07062C8EDD84006D3B78 /* Project object */;
}
